
Microsoft Visual Studio Solution File, Format Version 12.00
# Visual Studio Version 17
VisualStudioVersion = 17.14.36811.4 d17.14
MinimumVisualStudioVersion = 10.0.40219.1
Project("{888888A0-9F3D-457C-B088-3A5042F75D52}") = "PolygonCalculator_CoreyG", "PolygonCalculator_CoreyG\PolygonCalculator_CoreyG.pyproj", "{7B91726C-F786-443A-AA6F-BC199A7B8099}"
EndProject
Global
	GlobalSection(SolutionConfigurationPlatforms) = preSolution
		Debug|Any CPU = Debug|Any CPU
		Release|Any CPU = Release|Any CPU
	EndGlobalSection
	GlobalSection(ProjectConfigurationPlatforms) = postSolution
		{7B91726C-F786-443A-AA6F-BC199A7B8099}.Debug|Any CPU.ActiveCfg = Debug|Any CPU
		{7B91726C-F786-443A-AA6F-BC199A7B8099}.Release|Any CPU.ActiveCfg = Release|Any CPU
	EndGlobalSection
	GlobalSection(SolutionProperties) = preSolution
		HideSolutionNode = FALSE
	EndGlobalSection
	GlobalSection(ExtensibilityGlobals) = postSolution
		SolutionGuid = {E3EA0A84-8ACA-42A8-9EA5-8FB085116A0C}
	EndGlobalSection
EndGlobal
