
Microsoft Visual Studio Solution File, Format Version 12.00
# Visual Studio Version 17
VisualStudioVersion = 17.14.36811.4 d17.14
MinimumVisualStudioVersion = 10.0.40219.1
Project("{888888A0-9F3D-457C-B088-3A5042F75D52}") = "Linked_List_Lab_CoreyG", "Linked_List_Lab_CoreyG\Linked_List_Lab_CoreyG.pyproj", "{C5C8A111-8D71-48A7-B017-9DE477ED2B96}"
EndProject
Global
	GlobalSection(SolutionConfigurationPlatforms) = preSolution
		Debug|Any CPU = Debug|Any CPU
		Release|Any CPU = Release|Any CPU
	EndGlobalSection
	GlobalSection(ProjectConfigurationPlatforms) = postSolution
		{C5C8A111-8D71-48A7-B017-9DE477ED2B96}.Debug|Any CPU.ActiveCfg = Debug|Any CPU
		{C5C8A111-8D71-48A7-B017-9DE477ED2B96}.Release|Any CPU.ActiveCfg = Release|Any CPU
	EndGlobalSection
	GlobalSection(SolutionProperties) = preSolution
		HideSolutionNode = FALSE
	EndGlobalSection
	GlobalSection(ExtensibilityGlobals) = postSolution
		SolutionGuid = {455E95E8-F06A-467D-B5CF-63D506A75B2D}
	EndGlobalSection
EndGlobal
