
Microsoft Visual Studio Solution File, Format Version 12.00
# Visual Studio Version 17
VisualStudioVersion = 17.14.36811.4 d17.14
MinimumVisualStudioVersion = 10.0.40219.1
Project("{888888A0-9F3D-457C-B088-3A5042F75D52}") = "Depth_First_Search_CoreyG", "Depth_First_Search_CoreyG\Depth_First_Search_CoreyG.pyproj", "{F6CA9DA5-C23E-4DE1-AB01-EA96E606CD6D}"
EndProject
Global
	GlobalSection(SolutionConfigurationPlatforms) = preSolution
		Debug|Any CPU = Debug|Any CPU
		Release|Any CPU = Release|Any CPU
	EndGlobalSection
	GlobalSection(ProjectConfigurationPlatforms) = postSolution
		{F6CA9DA5-C23E-4DE1-AB01-EA96E606CD6D}.Debug|Any CPU.ActiveCfg = Debug|Any CPU
		{F6CA9DA5-C23E-4DE1-AB01-EA96E606CD6D}.Release|Any CPU.ActiveCfg = Release|Any CPU
	EndGlobalSection
	GlobalSection(SolutionProperties) = preSolution
		HideSolutionNode = FALSE
	EndGlobalSection
	GlobalSection(ExtensibilityGlobals) = postSolution
		SolutionGuid = {56914A00-41EF-4503-B889-70F7FB272EE5}
	EndGlobalSection
EndGlobal
