
Microsoft Visual Studio Solution File, Format Version 12.00
# Visual Studio Version 17
VisualStudioVersion = 17.14.36811.4 d17.14
MinimumVisualStudioVersion = 10.0.40219.1
Project("{888888A0-9F3D-457C-B088-3A5042F75D52}") = "medical_validator", "medical_validator\medical_validator.pyproj", "{58F8553C-A7C7-475C-AD14-C3148F0E37BA}"
EndProject
Global
	GlobalSection(SolutionConfigurationPlatforms) = preSolution
		Debug|Any CPU = Debug|Any CPU
		Release|Any CPU = Release|Any CPU
	EndGlobalSection
	GlobalSection(ProjectConfigurationPlatforms) = postSolution
		{58F8553C-A7C7-475C-AD14-C3148F0E37BA}.Debug|Any CPU.ActiveCfg = Debug|Any CPU
		{58F8553C-A7C7-475C-AD14-C3148F0E37BA}.Release|Any CPU.ActiveCfg = Release|Any CPU
	EndGlobalSection
	GlobalSection(SolutionProperties) = preSolution
		HideSolutionNode = FALSE
	EndGlobalSection
	GlobalSection(ExtensibilityGlobals) = postSolution
		SolutionGuid = {09B416F7-DA4C-43DD-B39B-268F2392D60A}
	EndGlobalSection
EndGlobal
