
Microsoft Visual Studio Solution File, Format Version 12.00
# Visual Studio Version 17
VisualStudioVersion = 17.14.36811.4 d17.14
MinimumVisualStudioVersion = 10.0.40219.1
Project("{888888A0-9F3D-457C-B088-3A5042F75D52}") = "Hash_Table_CoreyG", "Hash_Table_CoreyG\Hash_Table_CoreyG.pyproj", "{A3881786-4F68-49D5-AD99-97BAB9B937D5}"
EndProject
Global
	GlobalSection(SolutionConfigurationPlatforms) = preSolution
		Debug|Any CPU = Debug|Any CPU
		Release|Any CPU = Release|Any CPU
	EndGlobalSection
	GlobalSection(ProjectConfigurationPlatforms) = postSolution
		{A3881786-4F68-49D5-AD99-97BAB9B937D5}.Debug|Any CPU.ActiveCfg = Debug|Any CPU
		{A3881786-4F68-49D5-AD99-97BAB9B937D5}.Release|Any CPU.ActiveCfg = Release|Any CPU
	EndGlobalSection
	GlobalSection(SolutionProperties) = preSolution
		HideSolutionNode = FALSE
	EndGlobalSection
	GlobalSection(ExtensibilityGlobals) = postSolution
		SolutionGuid = {C7DA225B-62CE-47B8-BF3D-3D379CDE8C61}
	EndGlobalSection
EndGlobal
