
Microsoft Visual Studio Solution File, Format Version 12.00
# Visual Studio Version 17
VisualStudioVersion = 17.14.36811.4 d17.14
MinimumVisualStudioVersion = 10.0.40219.1
Project("{888888A0-9F3D-457C-B088-3A5042F75D52}") = "Adjacency_List_To_Matrix_CoreyG", "Adjacency_List_To_Matrix_CoreyG\Adjacency_List_To_Matrix_CoreyG.pyproj", "{813348AE-51AB-4630-AA8D-E9B26BDC1BA0}"
EndProject
Global
	GlobalSection(SolutionConfigurationPlatforms) = preSolution
		Debug|Any CPU = Debug|Any CPU
		Release|Any CPU = Release|Any CPU
	EndGlobalSection
	GlobalSection(ProjectConfigurationPlatforms) = postSolution
		{813348AE-51AB-4630-AA8D-E9B26BDC1BA0}.Debug|Any CPU.ActiveCfg = Debug|Any CPU
		{813348AE-51AB-4630-AA8D-E9B26BDC1BA0}.Release|Any CPU.ActiveCfg = Release|Any CPU
	EndGlobalSection
	GlobalSection(SolutionProperties) = preSolution
		HideSolutionNode = FALSE
	EndGlobalSection
	GlobalSection(ExtensibilityGlobals) = postSolution
		SolutionGuid = {415B5482-6339-4E06-9CDE-BB350F69232E}
	EndGlobalSection
EndGlobal
