
Microsoft Visual Studio Solution File, Format Version 12.00
# Visual Studio Version 17
VisualStudioVersion = 17.14.36811.4 d17.14
MinimumVisualStudioVersion = 10.0.40219.1
Project("{888888A0-9F3D-457C-B088-3A5042F75D52}") = "Nth_Fibonacci_Number_CoreyG", "Nth_Fibonacci_Number_CoreyG\Nth_Fibonacci_Number_CoreyG.pyproj", "{C46B979D-8909-4BA2-83C7-E5938BA9E071}"
EndProject
Global
	GlobalSection(SolutionConfigurationPlatforms) = preSolution
		Debug|Any CPU = Debug|Any CPU
		Release|Any CPU = Release|Any CPU
	EndGlobalSection
	GlobalSection(ProjectConfigurationPlatforms) = postSolution
		{C46B979D-8909-4BA2-83C7-E5938BA9E071}.Debug|Any CPU.ActiveCfg = Debug|Any CPU
		{C46B979D-8909-4BA2-83C7-E5938BA9E071}.Release|Any CPU.ActiveCfg = Release|Any CPU
	EndGlobalSection
	GlobalSection(SolutionProperties) = preSolution
		HideSolutionNode = FALSE
	EndGlobalSection
	GlobalSection(ExtensibilityGlobals) = postSolution
		SolutionGuid = {983C7ABA-88A8-4EBF-8C3B-BF737AD26AE3}
	EndGlobalSection
EndGlobal
