
Microsoft Visual Studio Solution File, Format Version 12.00
# Visual Studio Version 17
VisualStudioVersion = 17.14.36811.4 d17.14
MinimumVisualStudioVersion = 10.0.40219.1
Project("{888888A0-9F3D-457C-B088-3A5042F75D52}") = "Quick_Sort_CoreyG", "Quick_Sort_CoreyG\Quick_Sort_CoreyG.pyproj", "{6B8CFE20-90EC-4AD0-90B2-5BDCCDE05741}"
EndProject
Global
	GlobalSection(SolutionConfigurationPlatforms) = preSolution
		Debug|Any CPU = Debug|Any CPU
		Release|Any CPU = Release|Any CPU
	EndGlobalSection
	GlobalSection(ProjectConfigurationPlatforms) = postSolution
		{6B8CFE20-90EC-4AD0-90B2-5BDCCDE05741}.Debug|Any CPU.ActiveCfg = Debug|Any CPU
		{6B8CFE20-90EC-4AD0-90B2-5BDCCDE05741}.Release|Any CPU.ActiveCfg = Release|Any CPU
	EndGlobalSection
	GlobalSection(SolutionProperties) = preSolution
		HideSolutionNode = FALSE
	EndGlobalSection
	GlobalSection(ExtensibilityGlobals) = postSolution
		SolutionGuid = {0A75A5CE-5A98-42D2-9838-5C301A79F164}
	EndGlobalSection
EndGlobal
